// !$*UTF8*$!
{
	archiveVersion = 1;
	classes = {
	};
	objectVersion = 56;
	objects = {

/* Begin PBXBuildFile section */
		525163AF2A0F3A30002C4199 /* Little_LemonApp.swift in Sources */ = {isa = PBXBuildFile; fileRef = 525163AE2A0F3A30002C4199 /* Little_LemonApp.swift */; };
		525163B12A0F3A30002C4199 /* ContentView.swift in Sources */ = {isa = PBXBuildFile; fileRef = 525163B02A0F3A30002C4199 /* ContentView.swift */; };
		525163B32A0F3A31002C4199 /* Assets.xcassets in Resources */ = {isa = PBXBuildFile; fileRef = 525163B22A0F3A31002C4199 /* Assets.xcassets */; };
		525163B62A0F3A31002C4199 /* Preview Assets.xcassets in Resources */ = {isa = PBXBuildFile; fileRef = 525163B52A0F3A31002C4199 /* Preview Assets.xcassets */; };
		525163C02A0F3A31002C4199 /* Little_LemonTests.swift in Sources */ = {isa = PBXBuildFile; fileRef = 525163BF2A0F3A31002C4199 /* Little_LemonTests.swift */; };
		525163CA2A0F3A31002C4199 /* Little_LemonUITests.swift in Sources */ = {isa = PBXBuildFile; fileRef = 525163C92A0F3A31002C4199 /* Little_LemonUITests.swift */; };
		525163CC2A0F3A31002C4199 /* Little_LemonUITestsLaunchTests.swift in Sources */ = {isa = PBXBuildFile; fileRef = 525163CB2A0F3A31002C4199 /* Little_LemonUITestsLaunchTests.swift */; };
/* End PBXBuildFile section */

/* Begin PBXContainerItemProxy section */
		525163BC2A0F3A31002C4199 /* PBXContainerItemProxy */ = {
			isa = PBXContainerItemProxy;
			containerPortal = 525163A32A0F3A30002C4199 /* Project object */;
			proxyType = 1;
			remoteGlobalIDString = 525163AA2A0F3A30002C4199;
			remoteInfo = "Little Lemon";
		};
		525163C62A0F3A31002C4199 /* PBXContainerItemProxy */ = {
			isa = PBXContainerItemProxy;
			containerPortal = 525163A32A0F3A30002C4199 /* Project object */;
			proxyType = 1;
			remoteGlobalIDString = 525163AA2A0F3A30002C4199;
			remoteInfo = "Little Lemon";
		};
/* End PBXContainerItemProxy section */

/* Begin PBXFileReference section */
		525163AB2A0F3A30002C4199 /* Little Lemon.app */ = {isa = PBXFileReference; explicitFileType = wrapper.application; includeInIndex = 0; path = "Little Lemon.app"; sourceTree = BUILT_PRODUCTS_DIR; };
		525163AE2A0F3A30002C4199 /* Little_LemonApp.swift */ = {isa = PBXFileReference; lastKnownFileType = sourcecode.swift; path = Little_LemonApp.swift; sourceTree = "<group>"; };
		525163B02A0F3A30002C4199 /* ContentView.swift */ = {isa = PBXFileReference; lastKnownFileType = sourcecode.swift; path = ContentView.swift; sourceTree = "<group>"; };
		525163B22A0F3A31002C4199 /* Assets.xcassets */ = {isa = PBXFileReference; lastKnownFileType = folder.assetcatalog; path = Assets.xcassets; sourceTree = "<group>"; };
		525163B52A0F3A31002C4199 /* Preview Assets.xcassets */ = {isa = PBXFileReference; lastKnownFileType = folder.assetcatalog; path = "Preview Assets.xcassets"; sourceTree = "<group>"; };
		525163BB2A0F3A31002C4199 /* Little LemonTests.xctest */ = {isa = PBXFileReference; explicitFileType = wrapper.cfbundle; includeInIndex = 0; path = "Little LemonTests.xctest"; sourceTree = BUILT_PRODUCTS_DIR; };
		525163BF2A0F3A31002C4199 /* Little_LemonTests.swift */ = {isa = PBXFileReference; lastKnownFileType = sourcecode.swift; path = Little_LemonTests.swift; sourceTree = "<group>"; };
		525163C52A0F3A31002C4199 /* Little LemonUITests.xctest */ = {isa = PBXFileReference; explicitFileType = wrapper.cfbundle; includeInIndex = 0; path = "Little LemonUITests.xctest"; sourceTree = BUILT_PRODUCTS_DIR; };
		525163C92A0F3A31002C4199 /* Little_LemonUITests.swift */ = {isa = PBXFileReference; lastKnownFileType = sourcecode.swift; path = Little_LemonUITests.swift; sourceTree = "<group>"; };
		525163CB2A0F3A31002C4199 /* Little_LemonUITestsLaunchTests.swift */ = {isa = PBXFileReference; lastKnownFileType = sourcecode.swift; path = Little_LemonUITestsLaunchTests.swift; sourceTree = "<group>"; };
/* End PBXFileReference section */

/* Begin PBXFrameworksBuildPhase section */
		525163A82A0F3A30002C4199 /* Frameworks */ = {
			isa = PBXFrameworksBuildPhase;
			buildActionMask = 2147483647;
			files = (
			);
			runOnlyForDeploymentPostprocessing = 0;
		};
		525163B82A0F3A31002C4199 /* Frameworks */ = {
			isa = PBXFrameworksBuildPhase;
			buildActionMask = 2147483647;
			files = (
			);
			runOnlyForDeploymentPostprocessing = 0;
		};
		525163C22A0F3A31002C4199 /* Frameworks */ = {
			isa = PBXFrameworksBuildPhase;
			buildActionMask = 2147483647;
			files = (
			);
			runOnlyForDeploymentPostprocessing = 0;
		};
/* End PBXFrameworksBuildPhase section */

/* Begin PBXGroup section */
		525163A22A0F3A30002C4199 = {
			isa = PBXGroup;
			children = (
				525163AD2A0F3A30002C4199 /* Little Lemon */,
				525163BE2A0F3A31002C4199 /* Little LemonTests */,
				525163C82A0F3A31002C4199 /* Little LemonUITests */,
				525163AC2A0F3A30002C4199 /* Products */,
			);
			sourceTree = "<group>";
		};
		525163AC2A0F3A30002C4199 /* Products */ = {
			isa = PBXGroup;
			children = (
				525163AB2A0F3A30002C4199 /* Little Lemon.app */,
				525163BB2A0F3A31002C4199 /* Little LemonTests.xctest */,
				525163C52A0F3A31002C4199 /* Little LemonUITests.xctest */,
			);
			name = Products;
			sourceTree = "<group>";
		};
		525163AD2A0F3A30002C4199 /* Little Lemon */ = {
			isa = PBXGroup;
			children = (
				525163AE2A0F3A30002C4199 /* Little_LemonApp.swift */,
				525163B02A0F3A30002C4199 /* ContentView.swift */,
				525163B22A0F3A31002C4199 /* Assets.xcassets */,
				525163B42A0F3A31002C4199 /* Preview Content */,
			);
			path = "Little Lemon";
			sourceTree = "<group>";
		};
		525163B42A0F3A31002C4199 /* Preview Content */ = {
			isa = PBXGroup;
			children = (
				525163B52A0F3A31002C4199 /* Preview Assets.xcassets */,
			);
			path = "Preview Content";
			sourceTree = "<group>";
		};
		525163BE2A0F3A31002C4199 /* Little LemonTests */ = {
			isa = PBXGroup;
			children = (
				525163BF2A0F3A31002C4199 /* Little_LemonTests.swift */,
			);
			path = "Little LemonTests";
			sourceTree = "<group>";
		};
		525163C82A0F3A31002C4199 /* Little LemonUITests */ = {
			isa = PBXGroup;
			children = (
				525163C92A0F3A31002C4199 /* Little_LemonUITests.swift */,
				525163CB2A0F3A31002C4199 /* Little_LemonUITestsLaunchTests.swift */,
			);
			path = "Little LemonUITests";
			sourceTree = "<group>";
		};
/* End PBXGroup section */

/* Begin PBXNativeTarget section */
		525163AA2A0F3A30002C4199 /* Little Lemon */ = {
			isa = PBXNativeTarget;
			buildConfigurationList = 525163CF2A0F3A31002C4199 /* Build configuration list for PBXNativeTarget "Little Lemon" */;
			buildPhases = (
				525163A72A0F3A30002C4199 /* Sources */,
				525163A82A0F3A30002C4199 /* Frameworks */,
				525163A92A0F3A30002C4199 /* Resources */,
			);
			buildRules = (
			);
			dependencies = (
			);
			name = "Little Lemon";
			productName = "Little Lemon";
			productReference = 525163AB2A0F3A30002C4199 /* Little Lemon.app */;
			productType = "com.apple.product-type.application";
		};
		525163BA2A0F3A31002C4199 /* Little LemonTests */ = {
			isa = PBXNativeTarget;
			buildConfigurationList = 525163D22A0F3A31002C4199 /* Build configuration list for PBXNativeTarget "Little LemonTests" */;
			buildPhases = (
				525163B72A0F3A31002C4199 /* Sources */,
				525163B82A0F3A31002C4199 /* Frameworks */,
				525163B92A0F3A31002C4199 /* Resources */,
			);
			buildRules = (
			);
			dependencies = (
				525163BD2A0F3A31002C4199 /* PBXTargetDependency */,
			);
			name = "Little LemonTests";
			productName = "Little LemonTests";
			productReference = 525163BB2A0F3A31002C4199 /* Little LemonTests.xctest */;
			productType = "com.apple.product-type.bundle.unit-test";
		};
		525163C42A0F3A31002C4199 /* Little LemonUITests */ = {
			isa = PBXNativeTarget;
			buildConfigurationList = 525163D52A0F3A31002C4199 /* Build configuration list for PBXNativeTarget "Little LemonUITests" */;
			buildPhases = (
				525163C12A0F3A31002C4199 /* Sources */,
				525163C22A0F3A31002C4199 /* Frameworks */,
				525163C32A0F3A31002C4199 /* Resources */,
			);
			buildRules = (
			);
			dependencies = (
				525163C72A0F3A31002C4199 /* PBXTargetDependency */,
			);
			name = "Little LemonUITests";
			productName = "Little LemonUITests";
			productReference = 525163C52A0F3A31002C4199 /* Little LemonUITests.xctest */;
			productType = "com.apple.product-type.bundle.ui-testing";
		};
/* End PBXNativeTarget section */

/* Begin PBXProject section */
		525163A32A0F3A30002C4199 /* Project object */ = {
			isa = PBXProject;
			attributes = {
				BuildIndependentTargetsInParallel = 1;
				LastSwiftUpdateCheck = 1410;
				LastUpgradeCheck = 1410;
				TargetAttributes = {
					525163AA2A0F3A30002C4199 = {
						CreatedOnToolsVersion = 14.1;
					};
					525163BA2A0F3A31002C4199 = {
						CreatedOnToolsVersion = 14.1;
						TestTargetID = 525163AA2A0F3A30002C4199;
					};
					525163C42A0F3A31002C4199 = {
						CreatedOnToolsVersion = 14.1;
						TestTargetID = 525163AA2A0F3A30002C4199;
					};
				};
			};
			buildConfigurationList = 525163A62A0F3A30002C4199 /* Build configuration list for PBXProject "Little Lemon" */;
			compatibilityVersion = "Xcode 14.0";
			developmentRegion = en;
			hasScannedForEncodings = 0;
			knownRegions = (
				en,
				Base,
			);
			mainGroup = 525163A22A0F3A30002C4199;
			productRefGroup = 525163AC2A0F3A30002C4199 /* Products */;
			projectDirPath = "";
			projectRoot = "";
			targets = (
				525163AA2A0F3A30002C4199 /* Little Lemon */,
				525163BA2A0F3A31002C4199 /* Little LemonTests */,
				525163C42A0F3A31002C4199 /* Little LemonUITests */,
			);
		};
/* End PBXProject section */

/* Begin PBXResourcesBuildPhase section */
		525163A92A0F3A30002C4199 /* Resources */ = {
			isa = PBXResourcesBuildPhase;
			buildActionMask = 2147483647;
			files = (
				525163B62A0F3A31002C4199 /* Preview Assets.xcassets in Resources */,
				525163B32A0F3A31002C4199 /* Assets.xcassets in Resources */,
			);
			runOnlyForDeploymentPostprocessing = 0;
		};
		525163B92A0F3A31002C4199 /* Resources */ = {
			isa = PBXResourcesBuildPhase;
			buildActionMask = 2147483647;
			files = (
			);
			runOnlyForDeploymentPostprocessing = 0;
		};
		525163C32A0F3A31002C4199 /* Resources */ = {
			isa = PBXResourcesBuildPhase;
			buildActionMask = 2147483647;
			files = (
			);
			runOnlyForDeploymentPostprocessing = 0;
		};
/* End PBXResourcesBuildPhase section */

/* Begin PBXSourcesBuildPhase section */
		525163A72A0F3A30002C4199 /* Sources */ = {
			isa = PBXSourcesBuildPhase;
			buildActionMask = 2147483647;
			files = (
				525163B12A0F3A30002C4199 /* ContentView.swift in Sources */,
				525163AF2A0F3A30002C4199 /* Little_LemonApp.swift in Sources */,
			);
			runOnlyForDeploymentPostprocessing = 0;
		};
		525163B72A0F3A31002C4199 /* Sources */ = {
			isa = PBXSourcesBuildPhase;
			buildActionMask = 2147483647;
			files = (
				525163C02A0F3A31002C4199 /* Little_LemonTests.swift in Sources */,
			);
			runOnlyForDeploymentPostprocessing = 0;
		};
		525163C12A0F3A31002C4199 /* Sources */ = {
			isa = PBXSourcesBuildPhase;
			buildActionMask = 2147483647;
			files = (
				525163CC2A0F3A31002C4199 /* Little_LemonUITestsLaunchTests.swift in Sources */,
				525163CA2A0F3A31002C4199 /* Little_LemonUITests.swift in Sources */,
			);
			runOnlyForDeploymentPostprocessing = 0;
		};
/* End PBXSourcesBuildPhase section */

/* Begin PBXTargetDependency section */
		525163BD2A0F3A31002C4199 /* PBXTargetDependency */ = {
			isa = PBXTargetDependency;
			target = 525163AA2A0F3A30002C4199 /* Little Lemon */;
			targetProxy = 525163BC2A0F3A31002C4199 /* PBXContainerItemProxy */;
		};
		525163C72A0F3A31002C4199 /* PBXTargetDependency */ = {
			isa = PBXTargetDependency;
			target = 525163AA2A0F3A30002C4199 /* Little Lemon */;
			targetProxy = 525163C62A0F3A31002C4199 /* PBXContainerItemProxy */;
		};
/* End PBXTargetDependency section */

/* Begin XCBuildConfiguration section */
		525163CD2A0F3A31002C4199 /* Debug */ = {
			isa = XCBuildConfiguration;
			buildSettings = {
				ALWAYS_SEARCH_USER_PATHS = NO;
				CLANG_ANALYZER_NONNULL = YES;
				CLANG_ANALYZER_NUMBER_OBJECT_CONVERSION = YES_AGGRESSIVE;
				CLANG_CXX_LANGUAGE_STANDARD = "gnu++20";
				CLANG_ENABLE_MODULES = YES;
				CLANG_ENABLE_OBJC_ARC = YES;
				CLANG_ENABLE_OBJC_WEAK = YES;
				CLANG_WARN_BLOCK_CAPTURE_AUTORELEASING = YES;
				CLANG_WARN_BOOL_CONVERSION = YES;
				CLANG_WARN_COMMA = YES;
				CLANG_WARN_CONSTANT_CONVERSION = YES;
				CLANG_WARN_DEPRECATED_OBJC_IMPLEMENTATIONS = YES;
				CLANG_WARN_DIRECT_OBJC_ISA_USAGE = YES_ERROR;
				CLANG_WARN_DOCUMENTATION_COMMENTS = YES;
				CLANG_WARN_EMPTY_BODY = YES;
				CLANG_WARN_ENUM_CONVERSION = YES;
				CLANG_WARN_INFINITE_RECURSION = YES;
				CLANG_WARN_INT_CONVERSION = YES;
				CLANG_WARN_NON_LITERAL_NULL_CONVERSION = YES;
				CLANG_WARN_OBJC_IMPLICIT_RETAIN_SELF = YES;
				CLANG_WARN_OBJC_LITERAL_CONVERSION = YES;
				CLANG_WARN_OBJC_ROOT_CLASS = YES_ERROR;
				CLANG_WARN_QUOTED_INCLUDE_IN_FRAMEWORK_HEADER = YES;
				CLANG_WARN_RANGE_LOOP_ANALYSIS = YES;
				CLANG_WARN_STRICT_PROTOTYPES = YES;
				CLANG_WARN_SUSPICIOUS_MOVE = YES;
				CLANG_WARN_UNGUARDED_AVAILABILITY = YES_AGGRESSIVE;
				CLANG_WARN_UNREACHABLE_CODE = YES;
				CLANG_WARN__DUPLICATE_METHOD_MATCH = YES;
				COPY_PHASE_STRIP = NO;
				DEBUG_INFORMATION_FORMAT = dwarf;
				ENABLE_STRICT_OBJC_MSGSEND = YES;
				ENABLE_TESTABILITY = YES;
				GCC_C_LANGUAGE_STANDARD = gnu11;
				GCC_DYNAMIC_NO_PIC = NO;
				GCC_NO_COMMON_BLOCKS = YES;
				GCC_OPTIMIZATION_LEVEL = 0;
				GCC_PREPROCESSOR_DEFINITIONS = (
					"DEBUG=1",
					"$(inherited)",
				);
				GCC_WARN_64_TO_32_BIT_CONVERSION = YES;
				GCC_WARN_ABOUT_RETURN_TYPE = YES_ERROR;
				GCC_WARN_UNDECLARED_SELECTOR = YES;
				GCC_WARN_UNINITIALIZED_AUTOS = YES_AGGRESSIVE;
				GCC_WARN_UNUSED_FUNCTION = YES;
				GCC_WARN_UNUSED_VARIABLE = YES;
				IPHONEOS_DEPLOYMENT_TARGET = 16.1;
				MTL_ENABLE_DEBUG_INFO = INCLUDE_SOURCE;
				MTL_FAST_MATH = YES;
				ONLY_ACTIVE_ARCH = YES;
				SDKROOT = iphoneos;
				SWIFT_ACTIVE_COMPILATION_CONDITIONS = DEBUG;
				SWIFT_OPTIMIZATION_LEVEL = "-Onone";
			};
			name = Debug;
		};
		525163CE2A0F3A31002C4199 /* Release */ = {
			isa = XCBuildConfiguration;
			buildSettings = {
				ALWAYS_SEARCH_USER_PATHS = NO;
				CLANG_ANALYZER_NONNULL = YES;
				CLANG_ANALYZER_NUMBER_OBJECT_CONVERSION = YES_AGGRESSIVE;
				CLANG_CXX_LANGUAGE_STANDARD = "gnu++20";
				CLANG_ENABLE_MODULES = YES;
				CLANG_ENABLE_OBJC_ARC = YES;
				CLANG_ENABLE_OBJC_WEAK = YES;
				CLANG_WARN_BLOCK_CAPTURE_AUTORELEASING = YES;
				CLANG_WARN_BOOL_CONVERSION = YES;
				CLANG_WARN_COMMA = YES;
				CLANG_WARN_CONSTANT_CONVERSION = YES;
				CLANG_WARN_DEPRECATED_OBJC_IMPLEMENTATIONS = YES;
				CLANG_WARN_DIRECT_OBJC_ISA_USAGE = YES_ERROR;
				CLANG_WARN_DOCUMENTATION_COMMENTS = YES;
				CLANG_WARN_EMPTY_BODY = YES;
				CLANG_WARN_ENUM_CONVERSION = YES;
				CLANG_WARN_INFINITE_RECURSION = YES;
				CLANG_WARN_INT_CONVERSION = YES;
				CLANG_WARN_NON_LITERAL_NULL_CONVERSION = YES;
				CLANG_WARN_OBJC_IMPLICIT_RETAIN_SELF = YES;
				CLANG_WARN_OBJC_LITERAL_CONVERSION = YES;
				CLANG_WARN_OBJC_ROOT_CLASS = YES_ERROR;
				CLANG_WARN_QUOTED_INCLUDE_IN_FRAMEWORK_HEADER = YES;
				CLANG_WARN_RANGE_LOOP_ANALYSIS = YES;
				CLANG_WARN_STRICT_PROTOTYPES = YES;
				CLANG_WARN_SUSPICIOUS_MOVE = YES;
				CLANG_WARN_UNGUARDED_AVAILABILITY = YES_AGGRESSIVE;
				CLANG_WARN_UNREACHABLE_CODE = YES;
				CLANG_WARN__DUPLICATE_METHOD_MATCH = YES;
				COPY_PHASE_STRIP = NO;
				DEBUG_INFORMATION_FORMAT = "dwarf-with-dsym";
				ENABLE_NS_ASSERTIONS = NO;
				ENABLE_STRICT_OBJC_MSGSEND = YES;
				GCC_C_LANGUAGE_STANDARD = gnu11;
				GCC_NO_COMMON_BLOCKS = YES;
				GCC_WARN_64_TO_32_BIT_CONVERSION = YES;
				GCC_WARN_ABOUT_RETURN_TYPE = YES_ERROR;
				GCC_WARN_UNDECLARED_SELECTOR = YES;
				GCC_WARN_UNINITIALIZED_AUTOS = YES_AGGRESSIVE;
				GCC_WARN_UNUSED_FUNCTION = YES;
				GCC_WARN_UNUSED_VARIABLE = YES;
				IPHONEOS_DEPLOYMENT_TARGET = 16.1;
				MTL_ENABLE_DEBUG_INFO = NO;
				MTL_FAST_MATH = YES;
				SDKROOT = iphoneos;
				SWIFT_COMPILATION_MODE = wholemodule;
				SWIFT_OPTIMIZATION_LEVEL = "-O";
				VALIDATE_PRODUCT = YES;
			};
			name = Release;
		};
		525163D02A0F3A31002C4199 /* Debug */ = {
			isa = XCBuildConfiguration;
			buildSettings = {
				ASSETCATALOG_COMPILER_APPICON_NAME = AppIcon;
				ASSETCATALOG_COMPILER_GLOBAL_ACCENT_COLOR_NAME = AccentColor;
				CODE_SIGN_STYLE = Automatic;
				CURRENT_PROJECT_VERSION = 1;
				DEVELOPMENT_ASSET_PATHS = "\"Little Lemon/Preview Content\"";
				DEVELOPMENT_TEAM = 98KN6NA6DU;
				ENABLE_PREVIEWS = YES;
				GENERATE_INFOPLIST_FILE = YES;
				INFOPLIST_KEY_UIApplicationSceneManifest_Generation = YES;
				INFOPLIST_KEY_UIApplicationSupportsIndirectInputEvents = YES;
				INFOPLIST_KEY_UILaunchScreen_Generation = YES;
				INFOPLIST_KEY_UISupportedInterfaceOrientations_iPad = "UIInterfaceOrientationPortrait UIInterfaceOrientationPortraitUpsideDown UIInterfaceOrientationLandscapeLeft UIInterfaceOrientationLandscapeRight";
				INFOPLIST_KEY_UISupportedInterfaceOrientations_iPhone = "UIInterfaceOrientationPortrait UIInterfaceOrientationLandscapeLeft UIInterfaceOrientationLandscapeRight";
				LD_RUNPATH_SEARCH_PATHS = (
					"$(inherited)",
					"@executable_path/Frameworks",
				);
				MARKETING_VERSION = 1.0;
				PRODUCT_BUNDLE_IDENTIFIER = "com.example.app-playground.Little-Lemon";
				PRODUCT_NAME = "$(TARGET_NAME)";
				SWIFT_EMIT_LOC_STRINGS = YES;
				SWIFT_VERSION = 5.0;
				TARGETED_DEVICE_FAMILY = "1,2";
			};
			name = Debug;
		};
		525163D12A0F3A31002C4199 /* Release */ = {
			isa = XCBuildConfiguration;
			buildSettings = {
				ASSETCATALOG_COMPILER_APPICON_NAME = AppIcon;
				ASSETCATALOG_COMPILER_GLOBAL_ACCENT_COLOR_NAME = AccentColor;
				CODE_SIGN_STYLE = Automatic;
				CURRENT_PROJECT_VERSION = 1;
				DEVELOPMENT_ASSET_PATHS = "\"Little Lemon/Preview Content\"";
				DEVELOPMENT_TEAM = 98KN6NA6DU;
				ENABLE_PREVIEWS = YES;
				GENERATE_INFOPLIST_FILE = YES;
				INFOPLIST_KEY_UIApplicationSceneManifest_Generation = YES;
				INFOPLIST_KEY_UIApplicationSupportsIndirectInputEvents = YES;
				INFOPLIST_KEY_UILaunchScreen_Generation = YES;
				INFOPLIST_KEY_UISupportedInterfaceOrientations_iPad = "UIInterfaceOrientationPortrait UIInterfaceOrientationPortraitUpsideDown UIInterfaceOrientationLandscapeLeft UIInterfaceOrientationLandscapeRight";
				INFOPLIST_KEY_UISupportedInterfaceOrientations_iPhone = "UIInterfaceOrientationPortrait UIInterfaceOrientationLandscapeLeft UIInterfaceOrientationLandscapeRight";
				LD_RUNPATH_SEARCH_PATHS = (
					"$(inherited)",
					"@executable_path/Frameworks",
				);
				MARKETING_VERSION = 1.0;
				PRODUCT_BUNDLE_IDENTIFIER = "com.example.app-playground.Little-Lemon";
				PRODUCT_NAME = "$(TARGET_NAME)";
				SWIFT_EMIT_LOC_STRINGS = YES;
				SWIFT_VERSION = 5.0;
				TARGETED_DEVICE_FAMILY = "1,2";
			};
			name = Release;
		};
		525163D32A0F3A31002C4199 /* Debug */ = {
			isa = XCBuildConfiguration;
			buildSettings = {
				ALWAYS_EMBED_SWIFT_STANDARD_LIBRARIES = YES;
				BUNDLE_LOADER = "$(TEST_HOST)";
				CODE_SIGN_STYLE = Automatic;
				CURRENT_PROJECT_VERSION = 1;
				DEVELOPMENT_TEAM = 98KN6NA6DU;
				GENERATE_INFOPLIST_FILE = YES;
				IPHONEOS_DEPLOYMENT_TARGET = 16.1;
				MARKETING_VERSION = 1.0;
				PRODUCT_BUNDLE_IDENTIFIER = "com.example.app-playground.Little-LemonTests";
				PRODUCT_NAME = "$(TARGET_NAME)";
				SWIFT_EMIT_LOC_STRINGS = NO;
				SWIFT_VERSION = 5.0;
				TARGETED_DEVICE_FAMILY = "1,2";
				TEST_HOST = "$(BUILT_PRODUCTS_DIR)/Little Lemon.app/$(BUNDLE_EXECUTABLE_FOLDER_PATH)/Little Lemon";
			};
			name = Debug;
		};
		525163D42A0F3A31002C4199 /* Release */ = {
			isa = XCBuildConfiguration;
			buildSettings = {
				ALWAYS_EMBED_SWIFT_STANDARD_LIBRARIES = YES;
				BUNDLE_LOADER = "$(TEST_HOST)";
				CODE_SIGN_STYLE = Automatic;
				CURRENT_PROJECT_VERSION = 1;
				DEVELOPMENT_TEAM = 98KN6NA6DU;
				GENERATE_INFOPLIST_FILE = YES;
				IPHONEOS_DEPLOYMENT_TARGET = 16.1;
				MARKETING_VERSION = 1.0;
				PRODUCT_BUNDLE_IDENTIFIER = "com.example.app-playground.Little-LemonTests";
				PRODUCT_NAME = "$(TARGET_NAME)";
				SWIFT_EMIT_LOC_STRINGS = NO;
				SWIFT_VERSION = 5.0;
				TARGETED_DEVICE_FAMILY = "1,2";
				TEST_HOST = "$(BUILT_PRODUCTS_DIR)/Little Lemon.app/$(BUNDLE_EXECUTABLE_FOLDER_PATH)/Little Lemon";
			};
			name = Release;
		};
		525163D62A0F3A31002C4199 /* Debug */ = {
			isa = XCBuildConfiguration;
			buildSettings = {
				ALWAYS_EMBED_SWIFT_STANDARD_LIBRARIES = YES;
				CODE_SIGN_STYLE = Automatic;
				CURRENT_PROJECT_VERSION = 1;
				DEVELOPMENT_TEAM = 98KN6NA6DU;
				GENERATE_INFOPLIST_FILE = YES;
				MARKETING_VERSION = 1.0;
				PRODUCT_BUNDLE_IDENTIFIER = "com.example.app-playground.Little-LemonUITests";
				PRODUCT_NAME = "$(TARGET_NAME)";
				SWIFT_EMIT_LOC_STRINGS = NO;
				SWIFT_VERSION = 5.0;
				TARGETED_DEVICE_FAMILY = "1,2";
				TEST_TARGET_NAME = "Little Lemon";
			};
			name = Debug;
		};
		525163D72A0F3A31002C4199 /* Release */ = {
			isa = XCBuildConfiguration;
			buildSettings = {
				ALWAYS_EMBED_SWIFT_STANDARD_LIBRARIES = YES;
				CODE_SIGN_STYLE = Automatic;
				CURRENT_PROJECT_VERSION = 1;
				DEVELOPMENT_TEAM = 98KN6NA6DU;
				GENERATE_INFOPLIST_FILE = YES;
				MARKETING_VERSION = 1.0;
				PRODUCT_BUNDLE_IDENTIFIER = "com.example.app-playground.Little-LemonUITests";
				PRODUCT_NAME = "$(TARGET_NAME)";
				SWIFT_EMIT_LOC_STRINGS = NO;
				SWIFT_VERSION = 5.0;
				TARGETED_DEVICE_FAMILY = "1,2";
				TEST_TARGET_NAME = "Little Lemon";
			};
			name = Release;
		};
/* End XCBuildConfiguration section */

/* Begin XCConfigurationList section */
		525163A62A0F3A30002C4199 /* Build configuration list for PBXProject "Little Lemon" */ = {
			isa = XCConfigurationList;
			buildConfigurations = (
				525163CD2A0F3A31002C4199 /* Debug */,
				525163CE2A0F3A31002C4199 /* Release */,
			);
			defaultConfigurationIsVisible = 0;
			defaultConfigurationName = Release;
		};
		525163CF2A0F3A31002C4199 /* Build configuration list for PBXNativeTarget "Little Lemon" */ = {
			isa = XCConfigurationList;
			buildConfigurations = (
				525163D02A0F3A31002C4199 /* Debug */,
				525163D12A0F3A31002C4199 /* Release */,
			);
			defaultConfigurationIsVisible = 0;
			defaultConfigurationName = Release;
		};
		525163D22A0F3A31002C4199 /* Build configuration list for PBXNativeTarget "Little LemonTests" */ = {
			isa = XCConfigurationList;
			buildConfigurations = (
				525163D32A0F3A31002C4199 /* Debug */,
				525163D42A0F3A31002C4199 /* Release */,
			);
			defaultConfigurationIsVisible = 0;
			defaultConfigurationName = Release;
		};
		525163D52A0F3A31002C4199 /* Build configuration list for PBXNativeTarget "Little LemonUITests" */ = {
			isa = XCConfigurationList;
			buildConfigurations = (
				525163D62A0F3A31002C4199 /* Debug */,
				525163D72A0F3A31002C4199 /* Release */,
			);
			defaultConfigurationIsVisible = 0;
			defaultConfigurationName = Release;
		};
/* End XCConfigurationList section */
	};
	rootObject = 525163A32A0F3A30002C4199 /* Project object */;
}
